// !$*UTF8*$!
{
	archiveVersion = 1;
	classes = {
	};
	objectVersion = 51;
	objects = {

/* Begin PBXBuildFile section */
		BF8BE254E005018044308F3F /* Pods_Love4Muslims.framework in Frameworks */ = {isa = PBXBuildFile; fileRef = 3B19E6558F99A1AADEFB5794 /* Pods_Love4Muslims.framework */; };
		C8A293682544D76600323638 /* AppDelegate.swift in Sources */ = {isa = PBXBuildFile; fileRef = C8A293672544D76600323638 /* AppDelegate.swift */; };
		C8A2936A2544D76600323638 /* SceneDelegate.swift in Sources */ = {isa = PBXBuildFile; fileRef = C8A293692544D76600323638 /* SceneDelegate.swift */; };
		C8A2936C2544D76600323638 /* ViewController.swift in Sources */ = {isa = PBXBuildFile; fileRef = C8A2936B2544D76600323638 /* ViewController.swift */; };
		C8A2936F2544D76600323638 /* Main.storyboard in Resources */ = {isa = PBXBuildFile; fileRef = C8A2936D2544D76600323638 /* Main.storyboard */; };
		C8A293712544D76600323638 /* Assets.xcassets in Resources */ = {isa = PBXBuildFile; fileRef = C8A293702544D76600323638 /* Assets.xcassets */; };
		C8A293742544D76600323638 /* LaunchScreen.storyboard in Resources */ = {isa = PBXBuildFile; fileRef = C8A293722544D76600323638 /* LaunchScreen.storyboard */; };
		C8A2939625453D9700323638 /* GoogleService-Info.plist in Resources */ = {isa = PBXBuildFile; fileRef = C8A2939525453D9700323638 /* GoogleService-Info.plist */; };
/* End PBXBuildFile section */

/* Begin PBXFileReference section */
		3B19E6558F99A1AADEFB5794 /* Pods_Love4Muslims.framework */ = {isa = PBXFileReference; explicitFileType = wrapper.framework; includeInIndex = 0; path = Pods_Love4Muslims.framework; sourceTree = BUILT_PRODUCTS_DIR; };
		3B57B3950A187A5CD5CA3279 /* Pods-Love4Muslims.debug.xcconfig */ = {isa = PBXFileReference; includeInIndex = 1; lastKnownFileType = text.xcconfig; name = "Pods-Love4Muslims.debug.xcconfig"; path = "Target Support Files/Pods-Love4Muslims/Pods-Love4Muslims.debug.xcconfig"; sourceTree = "<group>"; };
		BD4FE9FFB0151F919891993F /* Pods-Love4Muslims.release.xcconfig */ = {isa = PBXFileReference; includeInIndex = 1; lastKnownFileType = text.xcconfig; name = "Pods-Love4Muslims.release.xcconfig"; path = "Target Support Files/Pods-Love4Muslims/Pods-Love4Muslims.release.xcconfig"; sourceTree = "<group>"; };
		C8A293642544D76600323638 /* Love4Muslims.app */ = {isa = PBXFileReference; explicitFileType = wrapper.application; includeInIndex = 0; path = Love4Muslims.app; sourceTree = BUILT_PRODUCTS_DIR; };
		C8A293672544D76600323638 /* AppDelegate.swift */ = {isa = PBXFileReference; lastKnownFileType = sourcecode.swift; path = AppDelegate.swift; sourceTree = "<group>"; };
		C8A293692544D76600323638 /* SceneDelegate.swift */ = {isa = PBXFileReference; lastKnownFileType = sourcecode.swift; path = SceneDelegate.swift; sourceTree = "<group>"; };
		C8A2936B2544D76600323638 /* ViewController.swift */ = {isa = PBXFileReference; lastKnownFileType = sourcecode.swift; path = ViewController.swift; sourceTree = "<group>"; };
		C8A2936E2544D76600323638 /* Base */ = {isa = PBXFileReference; lastKnownFileType = file.storyboard; name = Base; path = Base.lproj/Main.storyboard; sourceTree = "<group>"; };
		C8A293702544D76600323638 /* Assets.xcassets */ = {isa = PBXFileReference; lastKnownFileType = folder.assetcatalog; path = Assets.xcassets; sourceTree = "<group>"; };
		C8A293732544D76600323638 /* Base */ = {isa = PBXFileReference; lastKnownFileType = file.storyboard; name = Base; path = Base.lproj/LaunchScreen.storyboard; sourceTree = "<group>"; };
		C8A293752544D76600323638 /* Info.plist */ = {isa = PBXFileReference; lastKnownFileType = text.plist.xml; path = Info.plist; sourceTree = "<group>"; };
		C8A2939525453D9700323638 /* GoogleService-Info.plist */ = {isa = PBXFileReference; fileEncoding = 4; lastKnownFileType = text.plist.xml; path = "GoogleService-Info.plist"; sourceTree = "<group>"; };
/* End PBXFileReference section */

/* Begin PBXFrameworksBuildPhase section */
		C8A293612544D76600323638 /* Frameworks */ = {
			isa = PBXFrameworksBuildPhase;
			buildActionMask = 2147483647;
			files = (
				BF8BE254E005018044308F3F /* Pods_Love4Muslims.framework in Frameworks */,
			);
			runOnlyForDeploymentPostprocessing = 0;
		};
/* End PBXFrameworksBuildPhase section */

/* Begin PBXGroup section */
		022D6B115F0E2DC9A5A95E5B /* Frameworks */ = {
			isa = PBXGroup;
			children = (
				3B19E6558F99A1AADEFB5794 /* Pods_Love4Muslims.framework */,
			);
			name = Frameworks;
			sourceTree = "<group>";
		};
		62BEE283656DC5EF52320084 /* Pods */ = {
			isa = PBXGroup;
			children = (
				3B57B3950A187A5CD5CA3279 /* Pods-Love4Muslims.debug.xcconfig */,
				BD4FE9FFB0151F919891993F /* Pods-Love4Muslims.release.xcconfig */,
			);
			path = Pods;
			sourceTree = "<group>";
		};
		C8A2935B2544D76600323638 = {
			isa = PBXGroup;
			children = (
				C8A293662544D76600323638 /* Anti-Islamophobia */,
				C8A293652544D76600323638 /* Products */,
				62BEE283656DC5EF52320084 /* Pods */,
				022D6B115F0E2DC9A5A95E5B /* Frameworks */,
			);
			sourceTree = "<group>";
		};
		C8A293652544D76600323638 /* Products */ = {
			isa = PBXGroup;
			children = (
				C8A293642544D76600323638 /* Love4Muslims.app */,
			);
			name = Products;
			sourceTree = "<group>";
		};
		C8A293662544D76600323638 /* Anti-Islamophobia */ = {
			isa = PBXGroup;
			children = (
				C8A293672544D76600323638 /* AppDelegate.swift */,
				C8A293692544D76600323638 /* SceneDelegate.swift */,
				C8A2936B2544D76600323638 /* ViewController.swift */,
				C8A2936D2544D76600323638 /* Main.storyboard */,
				C8A293702544D76600323638 /* Assets.xcassets */,
				C8A293722544D76600323638 /* LaunchScreen.storyboard */,
				C8A2939525453D9700323638 /* GoogleService-Info.plist */,
				C8A293752544D76600323638 /* Info.plist */,
			);
			path = "Anti-Islamophobia";
			sourceTree = "<group>";
		};
/* End PBXGroup section */

/* Begin PBXNativeTarget section */
		C8A293632544D76600323638 /* Love4Muslims */ = {
			isa = PBXNativeTarget;
			buildConfigurationList = C8A293782544D76600323638 /* Build configuration list for PBXNativeTarget "Love4Muslims" */;
			buildPhases = (
				FC7B1FBF6B55D9F576786D30 /* [CP] Check Pods Manifest.lock */,
				C8A293602544D76600323638 /* Sources */,
				C8A293612544D76600323638 /* Frameworks */,
				C8A293622544D76600323638 /* Resources */,
				566B536DDDAA619B72EEFE65 /* [CP] Embed Pods Frameworks */,
			);
			buildRules = (
			);
			dependencies = (
			);
			name = Love4Muslims;
			productName = "Anti-Islamophobia";
			productReference = C8A293642544D76600323638 /* Love4Muslims.app */;
			productType = "com.apple.product-type.application";
		};
/* End PBXNativeTarget section */

/* Begin PBXProject section */
		C8A2935C2544D76600323638 /* Project object */ = {
			isa = PBXProject;
			attributes = {
				LastSwiftUpdateCheck = 1200;
				LastUpgradeCheck = 1200;
				TargetAttributes = {
					C8A293632544D76600323638 = {
						CreatedOnToolsVersion = 12.0.1;
					};
				};
			};
			buildConfigurationList = C8A2935F2544D76600323638 /* Build configuration list for PBXProject "Love4Muslims" */;
			compatibilityVersion = "Xcode 9.3";
			developmentRegion = en;
			hasScannedForEncodings = 0;
			knownRegions = (
				en,
				Base,
			);
			mainGroup = C8A2935B2544D76600323638;
			productRefGroup = C8A293652544D76600323638 /* Products */;
			projectDirPath = "";
			projectRoot = "";
			targets = (
				C8A293632544D76600323638 /* Love4Muslims */,
			);
		};
/* End PBXProject section */

/* Begin PBXResourcesBuildPhase section */
		C8A293622544D76600323638 /* Resources */ = {
			isa = PBXResourcesBuildPhase;
			buildActionMask = 2147483647;
			files = (
				C8A293742544D76600323638 /* LaunchScreen.storyboard in Resources */,
				C8A2939625453D9700323638 /* GoogleService-Info.plist in Resources */,
				C8A293712544D76600323638 /* Assets.xcassets in Resources */,
				C8A2936F2544D76600323638 /* Main.storyboard in Resources */,
			);
			runOnlyForDeploymentPostprocessing = 0;
		};
/* End PBXResourcesBuildPhase section */

/* Begin PBXShellScriptBuildPhase section */
		566B536DDDAA619B72EEFE65 /* [CP] Embed Pods Frameworks */ = {
			isa = PBXShellScriptBuildPhase;
			buildActionMask = 2147483647;
			files = (
			);
			inputFileListPaths = (
				"${PODS_ROOT}/Target Support Files/Pods-Love4Muslims/Pods-Love4Muslims-frameworks-${CONFIGURATION}-input-files.xcfilelist",
			);
			name = "[CP] Embed Pods Frameworks";
			outputFileListPaths = (
				"${PODS_ROOT}/Target Support Files/Pods-Love4Muslims/Pods-Love4Muslims-frameworks-${CONFIGURATION}-output-files.xcfilelist",
			);
			runOnlyForDeploymentPostprocessing = 0;
			shellPath = /bin/sh;
			shellScript = "\"${PODS_ROOT}/Target Support Files/Pods-Love4Muslims/Pods-Love4Muslims-frameworks.sh\"\n";
			showEnvVarsInLog = 0;
		};
		FC7B1FBF6B55D9F576786D30 /* [CP] Check Pods Manifest.lock */ = {
			isa = PBXShellScriptBuildPhase;
			buildActionMask = 2147483647;
			files = (
			);
			inputFileListPaths = (
			);
			inputPaths = (
				"${PODS_PODFILE_DIR_PATH}/Podfile.lock",
				"${PODS_ROOT}/Manifest.lock",
			);
			name = "[CP] Check Pods Manifest.lock";
			outputFileListPaths = (
			);
			outputPaths = (
				"$(DERIVED_FILE_DIR)/Pods-Love4Muslims-checkManifestLockResult.txt",
			);
			runOnlyForDeploymentPostprocessing = 0;
			shellPath = /bin/sh;
			shellScript = "diff \"${PODS_PODFILE_DIR_PATH}/Podfile.lock\" \"${PODS_ROOT}/Manifest.lock\" > /dev/null\nif [ $? != 0 ] ; then\n    # print error to STDERR\n    echo \"error: The sandbox is not in sync with the Podfile.lock. Run 'pod install' or update your CocoaPods installation.\" >&2\n    exit 1\nfi\n# This output is used by Xcode 'outputs' to avoid re-running this script phase.\necho \"SUCCESS\" > \"${SCRIPT_OUTPUT_FILE_0}\"\n";
			showEnvVarsInLog = 0;
		};
/* End PBXShellScriptBuildPhase section */

/* Begin PBXSourcesBuildPhase section */
		C8A293602544D76600323638 /* Sources */ = {
			isa = PBXSourcesBuildPhase;
			buildActionMask = 2147483647;
			files = (
				C8A2936C2544D76600323638 /* ViewController.swift in Sources */,
				C8A293682544D76600323638 /* AppDelegate.swift in Sources */,
				C8A2936A2544D76600323638 /* SceneDelegate.swift in Sources */,
			);
			runOnlyForDeploymentPostprocessing = 0;
		};
/* End PBXSourcesBuildPhase section */

/* Begin PBXVariantGroup section */
		C8A2936D2544D76600323638 /* Main.storyboard */ = {
			isa = PBXVariantGroup;
			children = (
				C8A2936E2544D76600323638 /* Base */,
			);
			name = Main.storyboard;
			sourceTree = "<group>";
		};
		C8A293722544D76600323638 /* LaunchScreen.storyboard */ = {
			isa = PBXVariantGroup;
			children = (
				C8A293732544D76600323638 /* Base */,
			);
			name = LaunchScreen.storyboard;
			sourceTree = "<group>";
		};
/* End PBXVariantGroup section */

/* Begin XCBuildConfiguration section */
		C8A293762544D76600323638 /* Debug */ = {
			isa = XCBuildConfiguration;
			buildSettings = {
				ALWAYS_SEARCH_USER_PATHS = NO;
				CLANG_ANALYZER_NONNULL = YES;
				CLANG_ANALYZER_NUMBER_OBJECT_CONVERSION = YES_AGGRESSIVE;
				CLANG_CXX_LANGUAGE_STANDARD = "gnu++14";
				CLANG_CXX_LIBRARY = "libc++";
				CLANG_ENABLE_MODULES = YES;
				CLANG_ENABLE_OBJC_ARC = YES;
				CLANG_ENABLE_OBJC_WEAK = YES;
				CLANG_WARN_BLOCK_CAPTURE_AUTORELEASING = YES;
				CLANG_WARN_BOOL_CONVERSION = YES;
				CLANG_WARN_COMMA = YES;
				CLANG_WARN_CONSTANT_CONVERSION = YES;
				CLANG_WARN_DEPRECATED_OBJC_IMPLEMENTATIONS = YES;
				CLANG_WARN_DIRECT_OBJC_ISA_USAGE = YES_ERROR;
				CLANG_WARN_DOCUMENTATION_COMMENTS = YES;
				CLANG_WARN_EMPTY_BODY = YES;
				CLANG_WARN_ENUM_CONVERSION = YES;
				CLANG_WARN_INFINITE_RECURSION = YES;
				CLANG_WARN_INT_CONVERSION = YES;
				CLANG_WARN_NON_LITERAL_NULL_CONVERSION = YES;
				CLANG_WARN_OBJC_IMPLICIT_RETAIN_SELF = YES;
				CLANG_WARN_OBJC_LITERAL_CONVERSION = YES;
				CLANG_WARN_OBJC_ROOT_CLASS = YES_ERROR;
				CLANG_WARN_QUOTED_INCLUDE_IN_FRAMEWORK_HEADER = YES;
				CLANG_WARN_RANGE_LOOP_ANALYSIS = YES;
				CLANG_WARN_STRICT_PROTOTYPES = YES;
				CLANG_WARN_SUSPICIOUS_MOVE = YES;
				CLANG_WARN_UNGUARDED_AVAILABILITY = YES_AGGRESSIVE;
				CLANG_WARN_UNREACHABLE_CODE = YES;
				CLANG_WARN__DUPLICATE_METHOD_MATCH = YES;
				COPY_PHASE_STRIP = NO;
				DEBUG_INFORMATION_FORMAT = dwarf;
				ENABLE_STRICT_OBJC_MSGSEND = YES;
				ENABLE_TESTABILITY = YES;
				GCC_C_LANGUAGE_STANDARD = gnu11;
				GCC_DYNAMIC_NO_PIC = NO;
				GCC_NO_COMMON_BLOCKS = YES;
				GCC_OPTIMIZATION_LEVEL = 0;
				GCC_PREPROCESSOR_DEFINITIONS = (
					"DEBUG=1",
					"$(inherited)",
				);
				GCC_WARN_64_TO_32_BIT_CONVERSION = YES;
				GCC_WARN_ABOUT_RETURN_TYPE = YES_ERROR;
				GCC_WARN_UNDECLARED_SELECTOR = YES;
				GCC_WARN_UNINITIALIZED_AUTOS = YES_AGGRESSIVE;
				GCC_WARN_UNUSED_FUNCTION = YES;
				GCC_WARN_UNUSED_VARIABLE = YES;
				IPHONEOS_DEPLOYMENT_TARGET = 14.0;
				MTL_ENABLE_DEBUG_INFO = INCLUDE_SOURCE;
				MTL_FAST_MATH = YES;
				ONLY_ACTIVE_ARCH = YES;
				SDKROOT = iphoneos;
				SWIFT_ACTIVE_COMPILATION_CONDITIONS = DEBUG;
				SWIFT_OPTIMIZATION_LEVEL = "-Onone";
			};
			name = Debug;
		};
		C8A293772544D76600323638 /* Release */ = {
			isa = XCBuildConfiguration;
			buildSettings = {
				ALWAYS_SEARCH_USER_PATHS = NO;
				CLANG_ANALYZER_NONNULL = YES;
				CLANG_ANALYZER_NUMBER_OBJECT_CONVERSION = YES_AGGRESSIVE;
				CLANG_CXX_LANGUAGE_STANDARD = "gnu++14";
				CLANG_CXX_LIBRARY = "libc++";
				CLANG_ENABLE_MODULES = YES;
				CLANG_ENABLE_OBJC_ARC = YES;
				CLANG_ENABLE_OBJC_WEAK = YES;
				CLANG_WARN_BLOCK_CAPTURE_AUTORELEASING = YES;
				CLANG_WARN_BOOL_CONVERSION = YES;
				CLANG_WARN_COMMA = YES;
				CLANG_WARN_CONSTANT_CONVERSION = YES;
				CLANG_WARN_DEPRECATED_OBJC_IMPLEMENTATIONS = YES;
				CLANG_WARN_DIRECT_OBJC_ISA_USAGE = YES_ERROR;
				CLANG_WARN_DOCUMENTATION_COMMENTS = YES;
				CLANG_WARN_EMPTY_BODY = YES;
				CLANG_WARN_ENUM_CONVERSION = YES;
				CLANG_WARN_INFINITE_RECURSION = YES;
				CLANG_WARN_INT_CONVERSION = YES;
				CLANG_WARN_NON_LITERAL_NULL_CONVERSION = YES;
				CLANG_WARN_OBJC_IMPLICIT_RETAIN_SELF = YES;
				CLANG_WARN_OBJC_LITERAL_CONVERSION = YES;
				CLANG_WARN_OBJC_ROOT_CLASS = YES_ERROR;
				CLANG_WARN_QUOTED_INCLUDE_IN_FRAMEWORK_HEADER = YES;
				CLANG_WARN_RANGE_LOOP_ANALYSIS = YES;
				CLANG_WARN_STRICT_PROTOTYPES = YES;
				CLANG_WARN_SUSPICIOUS_MOVE = YES;
				CLANG_WARN_UNGUARDED_AVAILABILITY = YES_AGGRESSIVE;
				CLANG_WARN_UNREACHABLE_CODE = YES;
				CLANG_WARN__DUPLICATE_METHOD_MATCH = YES;
				COPY_PHASE_STRIP = NO;
				DEBUG_INFORMATION_FORMAT = "dwarf-with-dsym";
				ENABLE_NS_ASSERTIONS = NO;
				ENABLE_STRICT_OBJC_MSGSEND = YES;
				GCC_C_LANGUAGE_STANDARD = gnu11;
				GCC_NO_COMMON_BLOCKS = YES;
				GCC_WARN_64_TO_32_BIT_CONVERSION = YES;
				GCC_WARN_ABOUT_RETURN_TYPE = YES_ERROR;
				GCC_WARN_UNDECLARED_SELECTOR = YES;
				GCC_WARN_UNINITIALIZED_AUTOS = YES_AGGRESSIVE;
				GCC_WARN_UNUSED_FUNCTION = YES;
				GCC_WARN_UNUSED_VARIABLE = YES;
				IPHONEOS_DEPLOYMENT_TARGET = 14.0;
				MTL_ENABLE_DEBUG_INFO = NO;
				MTL_FAST_MATH = YES;
				SDKROOT = iphoneos;
				SWIFT_COMPILATION_MODE = wholemodule;
				SWIFT_OPTIMIZATION_LEVEL = "-O";
				VALIDATE_PRODUCT = YES;
			};
			name = Release;
		};
		C8A293792544D76600323638 /* Debug */ = {
			isa = XCBuildConfiguration;
			baseConfigurationReference = 3B57B3950A187A5CD5CA3279 /* Pods-Love4Muslims.debug.xcconfig */;
			buildSettings = {
				ASSETCATALOG_COMPILER_APPICON_NAME = AppIcon;
				ASSETCATALOG_COMPILER_GLOBAL_ACCENT_COLOR_NAME = AccentColor;
				CODE_SIGN_STYLE = Automatic;
				DEVELOPMENT_TEAM = HJP787MM89;
				INFOPLIST_FILE = "Anti-Islamophobia/Info.plist";
				LD_RUNPATH_SEARCH_PATHS = (
					"$(inherited)",
					"@executable_path/Frameworks",
				);
				PRODUCT_BUNDLE_IDENTIFIER = "claireecho.Anti-Islamophobia";
				PRODUCT_NAME = "$(TARGET_NAME)";
				SWIFT_VERSION = 5.0;
				TARGETED_DEVICE_FAMILY = 1;
			};
			name = Debug;
		};
		C8A2937A2544D76600323638 /* Release */ = {
			isa = XCBuildConfiguration;
			baseConfigurationReference = BD4FE9FFB0151F919891993F /* Pods-Love4Muslims.release.xcconfig */;
			buildSettings = {
				ASSETCATALOG_COMPILER_APPICON_NAME = AppIcon;
				ASSETCATALOG_COMPILER_GLOBAL_ACCENT_COLOR_NAME = AccentColor;
				CODE_SIGN_STYLE = Automatic;
				DEVELOPMENT_TEAM = HJP787MM89;
				INFOPLIST_FILE = "Anti-Islamophobia/Info.plist";
				LD_RUNPATH_SEARCH_PATHS = (
					"$(inherited)",
					"@executable_path/Frameworks",
				);
				PRODUCT_BUNDLE_IDENTIFIER = "claireecho.Anti-Islamophobia";
				PRODUCT_NAME = "$(TARGET_NAME)";
				SWIFT_VERSION = 5.0;
				TARGETED_DEVICE_FAMILY = 1;
			};
			name = Release;
		};
/* End XCBuildConfiguration section */

/* Begin XCConfigurationList section */
		C8A2935F2544D76600323638 /* Build configuration list for PBXProject "Love4Muslims" */ = {
			isa = XCConfigurationList;
			buildConfigurations = (
				C8A293762544D76600323638 /* Debug */,
				C8A293772544D76600323638 /* Release */,
			);
			defaultConfigurationIsVisible = 0;
			defaultConfigurationName = Release;
		};
		C8A293782544D76600323638 /* Build configuration list for PBXNativeTarget "Love4Muslims" */ = {
			isa = XCConfigurationList;
			buildConfigurations = (
				C8A293792544D76600323638 /* Debug */,
				C8A2937A2544D76600323638 /* Release */,
			);
			defaultConfigurationIsVisible = 0;
			defaultConfigurationName = Release;
		};
/* End XCConfigurationList section */
	};
	rootObject = C8A2935C2544D76600323638 /* Project object */;
}
